# THIS IS AN AUTOGENERATED FILE. DO NOT EDIT THIS FILE DIRECTLY.
# yarn lockfile v1


coc.nvim@^0.0.80:
  version "0.0.80"
  resolved "https://registry.yarnpkg.com/coc.nvim/-/coc.nvim-0.0.80.tgz#785145c382660db03f517f9b497900d95cbd0e4f"
  integrity sha512-/3vTcnofoAYMrdENrlQmADTzfXX4+PZ0fiM10a39UA37dTR2dpIGi9O469kcIksuunLjToqWG8S45AGx/9wV7g==

esbuild@^0.11.2:
  version "0.11.2"
  resolved "https://registry.yarnpkg.com/esbuild/-/esbuild-0.11.2.tgz#3b995e107f2054d9090402b98a3b79ceffd05eb6"
  integrity sha512-8d5FCQrR+juXC2u9zjTQ3+IYiuFuaWyKYwmApFJLquTrYNbk36H/+MkRQeTuOJg7IjUchRX2Ulwo1zRYXZ1pUg==

typescript@^4.0.2:
  version "4.2.3"
  resolved "https://registry.yarnpkg.com/typescript/-/typescript-4.2.3.tgz#39062d8019912d43726298f09493d598048c1ce3"
  integrity sha512-qOcYwxaByStAWrBf4x0fibwZvMRG+r4cQoTjbPtUlrWjBHbmCAww1i448U0GJ+3cNNEtebDteo/cHOR3xJ4wEw==
